
Microsoft Visual Studio Solution File, Format Version 12.00
# Visual Studio Version 16
VisualStudioVersion = 16.0.30804.86
MinimumVisualStudioVersion = 10.0.40219.1
Project("{2150E333-8FDC-42A3-9474-1A3956D46DE8}") = "src", "src", "{93ADDCAF-9F0B-4C9E-B481-B8192ED3416C}"
EndProject
Project("{9A19103F-16F7-4668-BE54-9A1E7A4F7556}") = "WebApplicationAPI", "src\WebApplicationAPI\WebApplicationAPI.csproj", "{3AB226BA-647D-40FC-95E3-DC42C29A1C09}"
EndProject
Project("{2150E333-8FDC-42A3-9474-1A3956D46DE8}") = "items", "items", "{6D48F13F-A06D-4378-8CBC-7BDC1AC6F3C3}"
EndProject
Global
	GlobalSection(SolutionConfigurationPlatforms) = preSolution
		Debug|Any CPU = Debug|Any CPU
		Release|Any CPU = Release|Any CPU
	EndGlobalSection
	GlobalSection(ProjectConfigurationPlatforms) = postSolution
		{3AB226BA-647D-40FC-95E3-DC42C29A1C09}.Debug|Any CPU.ActiveCfg = Debug|Any CPU
		{3AB226BA-647D-40FC-95E3-DC42C29A1C09}.Debug|Any CPU.Build.0 = Debug|Any CPU
		{3AB226BA-647D-40FC-95E3-DC42C29A1C09}.Release|Any CPU.ActiveCfg = Release|Any CPU
		{3AB226BA-647D-40FC-95E3-DC42C29A1C09}.Release|Any CPU.Build.0 = Release|Any CPU
	EndGlobalSection
	GlobalSection(SolutionProperties) = preSolution
		HideSolutionNode = FALSE
	EndGlobalSection
	GlobalSection(NestedProjects) = preSolution
		{3AB226BA-647D-40FC-95E3-DC42C29A1C09} = {93ADDCAF-9F0B-4C9E-B481-B8192ED3416C}
	EndGlobalSection
	GlobalSection(ExtensibilityGlobals) = postSolution
		SolutionGuid = {B6FB512A-1D25-4594-BB6A-D3E5C594B789}
	EndGlobalSection
EndGlobal
